
Microsoft Visual Studio Solution File, Format Version 12.00
# Visual Studio Version 17
VisualStudioVersion = 17.0.31903.59
MinimumVisualStudioVersion = 10.0.40219.1
Project("{2150E333-8FDC-42A3-9474-1A3956D46DE8}") = "Producer", "Producer", "{E863D354-9B0C-4B55-B305-4F0F840DC0FC}"
EndProject
Project("{2150E333-8FDC-42A3-9474-1A3956D46DE8}") = "Consumer", "Consumer", "{75CB48A2-EC73-47B9-912C-18A0813CA43D}"
EndProject
Project("{9A19103F-16F7-4668-BE54-9A1E7A4F7556}") = "Kafka.Producer", "src\Kafka.Producer\Kafka.Producer.csproj", "{44C04F7E-90CB-4C09-8AD4-4213E94149AF}"
EndProject
Project("{9A19103F-16F7-4668-BE54-9A1E7A4F7556}") = "Kafka.Consumer", "src\Kafka.Consumer\Kafka.Consumer.csproj", "{96C41E50-2950-47AB-8392-6F94E838A3A2}"
EndProject
Global
	GlobalSection(SolutionConfigurationPlatforms) = preSolution
		Debug|Any CPU = Debug|Any CPU
		Release|Any CPU = Release|Any CPU
	EndGlobalSection
	GlobalSection(ProjectConfigurationPlatforms) = postSolution
		{44C04F7E-90CB-4C09-8AD4-4213E94149AF}.Debug|Any CPU.ActiveCfg = Debug|Any CPU
		{44C04F7E-90CB-4C09-8AD4-4213E94149AF}.Debug|Any CPU.Build.0 = Debug|Any CPU
		{44C04F7E-90CB-4C09-8AD4-4213E94149AF}.Release|Any CPU.ActiveCfg = Release|Any CPU
		{44C04F7E-90CB-4C09-8AD4-4213E94149AF}.Release|Any CPU.Build.0 = Release|Any CPU
		{96C41E50-2950-47AB-8392-6F94E838A3A2}.Debug|Any CPU.ActiveCfg = Debug|Any CPU
		{96C41E50-2950-47AB-8392-6F94E838A3A2}.Debug|Any CPU.Build.0 = Debug|Any CPU
		{96C41E50-2950-47AB-8392-6F94E838A3A2}.Release|Any CPU.ActiveCfg = Release|Any CPU
		{96C41E50-2950-47AB-8392-6F94E838A3A2}.Release|Any CPU.Build.0 = Release|Any CPU
	EndGlobalSection
	GlobalSection(SolutionProperties) = preSolution
		HideSolutionNode = FALSE
	EndGlobalSection
	GlobalSection(NestedProjects) = preSolution
		{44C04F7E-90CB-4C09-8AD4-4213E94149AF} = {E863D354-9B0C-4B55-B305-4F0F840DC0FC}
		{96C41E50-2950-47AB-8392-6F94E838A3A2} = {75CB48A2-EC73-47B9-912C-18A0813CA43D}
	EndGlobalSection
	GlobalSection(ExtensibilityGlobals) = postSolution
		SolutionGuid = {4ED67FED-6808-414D-9F1F-9EC3437436D0}
	EndGlobalSection
EndGlobal
