
Microsoft Visual Studio Solution File, Format Version 12.00
# Visual Studio Version 17
VisualStudioVersion = 17.0.31903.59
MinimumVisualStudioVersion = 10.0.40219.1
Project("{FAE04EC0-301F-11D3-BF4B-00C04F79EFBC}") = "Kafka.MessageBus", "src\Kafka.MessageBus\Kafka.MessageBus.csproj", "{AEE2036F-F4EF-4698-8864-B2CC1AF5DD70}"
EndProject
Project("{FAE04EC0-301F-11D3-BF4B-00C04F79EFBC}") = "Kafka.API", "tests\Kafka.API\Kafka.API.csproj", "{6A359914-62CD-4E7C-871F-467089A3B755}"
EndProject
Project("{2150E333-8FDC-42A3-9474-1A3956D46DE8}") = "src", "src", "{7E284748-E3B1-47EC-AD04-30770901B210}"
EndProject
Project("{2150E333-8FDC-42A3-9474-1A3956D46DE8}") = "tests", "tests", "{67679A85-A5D2-4705-ABAD-E58F26C6E212}"
EndProject
Global
	GlobalSection(SolutionConfigurationPlatforms) = preSolution
		Debug|Any CPU = Debug|Any CPU
		Release|Any CPU = Release|Any CPU
	EndGlobalSection
	GlobalSection(ProjectConfigurationPlatforms) = postSolution
		{AEE2036F-F4EF-4698-8864-B2CC1AF5DD70}.Debug|Any CPU.ActiveCfg = Debug|Any CPU
		{AEE2036F-F4EF-4698-8864-B2CC1AF5DD70}.Debug|Any CPU.Build.0 = Debug|Any CPU
		{AEE2036F-F4EF-4698-8864-B2CC1AF5DD70}.Release|Any CPU.ActiveCfg = Release|Any CPU
		{AEE2036F-F4EF-4698-8864-B2CC1AF5DD70}.Release|Any CPU.Build.0 = Release|Any CPU
		{6A359914-62CD-4E7C-871F-467089A3B755}.Debug|Any CPU.ActiveCfg = Debug|Any CPU
		{6A359914-62CD-4E7C-871F-467089A3B755}.Debug|Any CPU.Build.0 = Debug|Any CPU
		{6A359914-62CD-4E7C-871F-467089A3B755}.Release|Any CPU.ActiveCfg = Release|Any CPU
		{6A359914-62CD-4E7C-871F-467089A3B755}.Release|Any CPU.Build.0 = Release|Any CPU
	EndGlobalSection
	GlobalSection(SolutionProperties) = preSolution
		HideSolutionNode = FALSE
	EndGlobalSection
	GlobalSection(NestedProjects) = preSolution
		{AEE2036F-F4EF-4698-8864-B2CC1AF5DD70} = {7E284748-E3B1-47EC-AD04-30770901B210}
		{6A359914-62CD-4E7C-871F-467089A3B755} = {67679A85-A5D2-4705-ABAD-E58F26C6E212}
	EndGlobalSection
	GlobalSection(ExtensibilityGlobals) = postSolution
		SolutionGuid = {4ED67FED-6808-414D-9F1F-9EC3437436D0}
	EndGlobalSection
EndGlobal
